
Microsoft Visual Studio Solution File, Format Version 12.00
# Visual Studio Version 17
VisualStudioVersion = 17.3.32825.248
MinimumVisualStudioVersion = 10.0.40219.1
Project("{FAE04EC0-301F-11D3-BF4B-00C04F79EFBC}") = "MTCG", "MTCG\MTCG.csproj", "{440FDA51-03DB-402F-A2C1-FF1DE396A23D}"
EndProject
Global
	GlobalSection(SolutionConfigurationPlatforms) = preSolution
		Debug|Any CPU = Debug|Any CPU
		Release|Any CPU = Release|Any CPU
	EndGlobalSection
	GlobalSection(ProjectConfigurationPlatforms) = postSolution
		{440FDA51-03DB-402F-A2C1-FF1DE396A23D}.Debug|Any CPU.ActiveCfg = Debug|Any CPU
		{440FDA51-03DB-402F-A2C1-FF1DE396A23D}.Debug|Any CPU.Build.0 = Debug|Any CPU
		{440FDA51-03DB-402F-A2C1-FF1DE396A23D}.Release|Any CPU.ActiveCfg = Release|Any CPU
		{440FDA51-03DB-402F-A2C1-FF1DE396A23D}.Release|Any CPU.Build.0 = Release|Any CPU
	EndGlobalSection
	GlobalSection(SolutionProperties) = preSolution
		HideSolutionNode = FALSE
	EndGlobalSection
	GlobalSection(ExtensibilityGlobals) = postSolution
		SolutionGuid = {8DD03CC0-D6EB-4290-AC70-66DF6CFD3E12}
	EndGlobalSection
EndGlobal
